
Microsoft Visual Studio Solution File, Format Version 12.00
# Visual Studio Version 17
VisualStudioVersion = 17.4.33213.308
MinimumVisualStudioVersion = 10.0.40219.1
Project("{FAE04EC0-301F-11D3-BF4B-00C04F79EFBC}") = "Factory", "Factory\Factory.csproj", "{B9DD5102-6E38-4DE1-B044-17FFE25446AF}"
EndProject
Global
	GlobalSection(SolutionConfigurationPlatforms) = preSolution
		Debug|Any CPU = Debug|Any CPU
		Release|Any CPU = Release|Any CPU
	EndGlobalSection
	GlobalSection(ProjectConfigurationPlatforms) = postSolution
		{B9DD5102-6E38-4DE1-B044-17FFE25446AF}.Debug|Any CPU.ActiveCfg = Debug|Any CPU
		{B9DD5102-6E38-4DE1-B044-17FFE25446AF}.Debug|Any CPU.Build.0 = Debug|Any CPU
		{B9DD5102-6E38-4DE1-B044-17FFE25446AF}.Release|Any CPU.ActiveCfg = Release|Any CPU
		{B9DD5102-6E38-4DE1-B044-17FFE25446AF}.Release|Any CPU.Build.0 = Release|Any CPU
	EndGlobalSection
	GlobalSection(SolutionProperties) = preSolution
		HideSolutionNode = FALSE
	EndGlobalSection
	GlobalSection(ExtensibilityGlobals) = postSolution
		SolutionGuid = {3BEC6E22-2BC3-4DB1-83D1-83EF11E01329}
	EndGlobalSection
EndGlobal
